
Microsoft Visual Studio Solution File, Format Version 12.00
# Visual Studio Version 17
VisualStudioVersion = 17.4.33213.308
MinimumVisualStudioVersion = 10.0.40219.1
Project("{FAE04EC0-301F-11D3-BF4B-00C04F79EFBC}") = "111153008 Homework 1", "111153008 Homework 1.csproj", "{E560B6C0-D1FA-436C-A4CA-55F232F9B84C}"
EndProject
Global
	GlobalSection(SolutionConfigurationPlatforms) = preSolution
		Debug|Any CPU = Debug|Any CPU
		Release|Any CPU = Release|Any CPU
	EndGlobalSection
	GlobalSection(ProjectConfigurationPlatforms) = postSolution
		{E560B6C0-D1FA-436C-A4CA-55F232F9B84C}.Debug|Any CPU.ActiveCfg = Debug|Any CPU
		{E560B6C0-D1FA-436C-A4CA-55F232F9B84C}.Debug|Any CPU.Build.0 = Debug|Any CPU
		{E560B6C0-D1FA-436C-A4CA-55F232F9B84C}.Release|Any CPU.ActiveCfg = Release|Any CPU
		{E560B6C0-D1FA-436C-A4CA-55F232F9B84C}.Release|Any CPU.Build.0 = Release|Any CPU
	EndGlobalSection
	GlobalSection(SolutionProperties) = preSolution
		HideSolutionNode = FALSE
	EndGlobalSection
	GlobalSection(ExtensibilityGlobals) = postSolution
		SolutionGuid = {ADFF71D5-9405-4F91-ADFC-C8793CBD10ED}
	EndGlobalSection
EndGlobal
